
Microsoft Visual Studio Solution File, Format Version 12.00
# Visual Studio Version 17
VisualStudioVersion = 17.7.34221.43
MinimumVisualStudioVersion = 10.0.40219.1
Project("{FAE04EC0-301F-11D3-BF4B-00C04F79EFBC}") = "CRUD", "CRUD\CRUD.csproj", "{C656BBE6-3369-4A8C-83CF-A9CE243ECA68}"
EndProject
Global
	GlobalSection(SolutionConfigurationPlatforms) = preSolution
		Debug|Any CPU = Debug|Any CPU
		Release|Any CPU = Release|Any CPU
	EndGlobalSection
	GlobalSection(ProjectConfigurationPlatforms) = postSolution
		{C656BBE6-3369-4A8C-83CF-A9CE243ECA68}.Debug|Any CPU.ActiveCfg = Debug|Any CPU
		{C656BBE6-3369-4A8C-83CF-A9CE243ECA68}.Debug|Any CPU.Build.0 = Debug|Any CPU
		{C656BBE6-3369-4A8C-83CF-A9CE243ECA68}.Release|Any CPU.ActiveCfg = Release|Any CPU
		{C656BBE6-3369-4A8C-83CF-A9CE243ECA68}.Release|Any CPU.Build.0 = Release|Any CPU
	EndGlobalSection
	GlobalSection(SolutionProperties) = preSolution
		HideSolutionNode = FALSE
	EndGlobalSection
	GlobalSection(ExtensibilityGlobals) = postSolution
		SolutionGuid = {C90BD4A5-1987-424C-B29A-53938E573631}
	EndGlobalSection
EndGlobal
